// !$*UTF8*$!
{
	archiveVersion = 1;
	classes = {
	};
	objectVersion = 46;
	objects = {

/* Begin PBXBuildFile section */
		7916EF4B17FB95680011C4AF /* KLModalViewController.m in Sources */ = {isa = PBXBuildFile; fileRef = 7916EF4A17FB95680011C4AF /* KLModalViewController.m */; };
		7916EF4C17FB98290011C4AF /* background.jpg in Resources */ = {isa = PBXBuildFile; fileRef = 7916EF4117FB182E0011C4AF /* background.jpg */; };
		7916EF4F17FB9AFA0011C4AF /* LICENSE in Resources */ = {isa = PBXBuildFile; fileRef = 7916EF4D17FB9AFA0011C4AF /* LICENSE */; };
		7916EF5017FB9AFA0011C4AF /* README.md in Resources */ = {isa = PBXBuildFile; fileRef = 7916EF4E17FB9AFA0011C4AF /* README.md */; };
		79320488180EDC77004D41BD /* KLTransitionContextDecorator.m in Sources */ = {isa = PBXBuildFile; fileRef = 79320487180EDC77004D41BD /* KLTransitionContextDecorator.m */; };
		7932048C181566F2004D41BD /* KLBlurredBackgroundTransition.m in Sources */ = {isa = PBXBuildFile; fileRef = 7932048B181566F2004D41BD /* KLBlurredBackgroundTransition.m */; };
		7932048E181567C6004D41BD /* KLBlurredBackgroundCoverTransitionTest.m in Sources */ = {isa = PBXBuildFile; fileRef = 7932048D181567C6004D41BD /* KLBlurredBackgroundCoverTransitionTest.m */; };
		79A5A8A817F4647E00696B55 /* Foundation.framework in Frameworks */ = {isa = PBXBuildFile; fileRef = 79A5A8A717F4647E00696B55 /* Foundation.framework */; };
		79A5A8AD17F4647E00696B55 /* KLBlurredBackgroundCoverTransition.h in CopyFiles */ = {isa = PBXBuildFile; fileRef = 79A5A8AC17F4647E00696B55 /* KLBlurredBackgroundCoverTransition.h */; };
		79A5A8AF17F4647E00696B55 /* KLBlurredBackgroundCoverTransition.m in Sources */ = {isa = PBXBuildFile; fileRef = 79A5A8AE17F4647E00696B55 /* KLBlurredBackgroundCoverTransition.m */; };
		79A5A8B617F4647E00696B55 /* XCTest.framework in Frameworks */ = {isa = PBXBuildFile; fileRef = 79A5A8B517F4647E00696B55 /* XCTest.framework */; };
		79A5A8B717F4647E00696B55 /* Foundation.framework in Frameworks */ = {isa = PBXBuildFile; fileRef = 79A5A8A717F4647E00696B55 /* Foundation.framework */; };
		79A5A8B917F4647E00696B55 /* UIKit.framework in Frameworks */ = {isa = PBXBuildFile; fileRef = 79A5A8B817F4647E00696B55 /* UIKit.framework */; };
		79A5A8BC17F4647E00696B55 /* libKLViewControllerTransitions.a in Frameworks */ = {isa = PBXBuildFile; fileRef = 79A5A8A417F4647E00696B55 /* libKLViewControllerTransitions.a */; };
		79A5A8C217F4647E00696B55 /* InfoPlist.strings in Resources */ = {isa = PBXBuildFile; fileRef = 79A5A8C017F4647E00696B55 /* InfoPlist.strings */; };
		79A5A8D217F464B400696B55 /* Foundation.framework in Frameworks */ = {isa = PBXBuildFile; fileRef = 79A5A8A717F4647E00696B55 /* Foundation.framework */; };
		79A5A8D417F464B400696B55 /* CoreGraphics.framework in Frameworks */ = {isa = PBXBuildFile; fileRef = 79A5A8D317F464B400696B55 /* CoreGraphics.framework */; };
		79A5A8D517F464B400696B55 /* UIKit.framework in Frameworks */ = {isa = PBXBuildFile; fileRef = 79A5A8B817F4647E00696B55 /* UIKit.framework */; };
		79A5A8DB17F464B400696B55 /* InfoPlist.strings in Resources */ = {isa = PBXBuildFile; fileRef = 79A5A8D917F464B400696B55 /* InfoPlist.strings */; };
		79A5A8DD17F464B400696B55 /* main.m in Sources */ = {isa = PBXBuildFile; fileRef = 79A5A8DC17F464B400696B55 /* main.m */; };
		79A5A8E117F464B400696B55 /* KLAppDelegate.m in Sources */ = {isa = PBXBuildFile; fileRef = 79A5A8E017F464B400696B55 /* KLAppDelegate.m */; };
		79A5A8E417F464B400696B55 /* Main.storyboard in Resources */ = {isa = PBXBuildFile; fileRef = 79A5A8E217F464B400696B55 /* Main.storyboard */; };
		79A5A8E717F464B400696B55 /* KLMasterViewController.m in Sources */ = {isa = PBXBuildFile; fileRef = 79A5A8E617F464B400696B55 /* KLMasterViewController.m */; };
		79A5A8EA17F464B400696B55 /* KLBlurDetailController.m in Sources */ = {isa = PBXBuildFile; fileRef = 79A5A8E917F464B400696B55 /* KLBlurDetailController.m */; };
		79A5A8EC17F464B400696B55 /* Images.xcassets in Resources */ = {isa = PBXBuildFile; fileRef = 79A5A8EB17F464B400696B55 /* Images.xcassets */; };
		79A5A90717F512AF00696B55 /* UIImage+ImageEffects.m in Sources */ = {isa = PBXBuildFile; fileRef = 79A5A90617F512AF00696B55 /* UIImage+ImageEffects.m */; };
		79A6115F18292F5B007BAA10 /* KLTestTransitionContext.m in Sources */ = {isa = PBXBuildFile; fileRef = 79A6115E18292F5B007BAA10 /* KLTestTransitionContext.m */; };
		79A61164182BD17D007BAA10 /* KLSpinFromCenterTransition.m in Sources */ = {isa = PBXBuildFile; fileRef = 79A61163182BD17D007BAA10 /* KLSpinFromCenterTransition.m */; };
		79F6112C17F5B45C00DDA76B /* UIView+UIImageEffects.m in Sources */ = {isa = PBXBuildFile; fileRef = 79F6112B17F5B45C00DDA76B /* UIView+UIImageEffects.m */; };
		79F6113217F5BB2E00DDA76B /* libKLViewControllerTransitions.a in Frameworks */ = {isa = PBXBuildFile; fileRef = 79A5A8A417F4647E00696B55 /* libKLViewControllerTransitions.a */; };
/* End PBXBuildFile section */

/* Begin PBXContainerItemProxy section */
		79A5A8BA17F4647E00696B55 /* PBXContainerItemProxy */ = {
			isa = PBXContainerItemProxy;
			containerPortal = 79A5A89C17F4647E00696B55 /* Project object */;
			proxyType = 1;
			remoteGlobalIDString = 79A5A8A317F4647E00696B55;
			remoteInfo = KLModalTransitions;
		};
		79F6113017F5BB2700DDA76B /* PBXContainerItemProxy */ = {
			isa = PBXContainerItemProxy;
			containerPortal = 79A5A89C17F4647E00696B55 /* Project object */;
			proxyType = 1;
			remoteGlobalIDString = 79A5A8A317F4647E00696B55;
			remoteInfo = KLModalTransitions;
		};
/* End PBXContainerItemProxy section */

/* Begin PBXCopyFilesBuildPhase section */
		79A5A8A217F4647E00696B55 /* CopyFiles */ = {
			isa = PBXCopyFilesBuildPhase;
			buildActionMask = 2147483647;
			dstPath = "include/$(PRODUCT_NAME)";
			dstSubfolderSpec = 16;
			files = (
				79A5A8AD17F4647E00696B55 /* KLBlurredBackgroundCoverTransition.h in CopyFiles */,
			);
			runOnlyForDeploymentPostprocessing = 0;
		};
/* End PBXCopyFilesBuildPhase section */

/* Begin PBXFileReference section */
		7916EF4117FB182E0011C4AF /* background.jpg */ = {isa = PBXFileReference; lastKnownFileType = image.jpeg; path = background.jpg; sourceTree = "<group>"; };
		7916EF4917FB95680011C4AF /* KLModalViewController.h */ = {isa = PBXFileReference; fileEncoding = 4; lastKnownFileType = sourcecode.c.h; path = KLModalViewController.h; sourceTree = "<group>"; };
		7916EF4A17FB95680011C4AF /* KLModalViewController.m */ = {isa = PBXFileReference; fileEncoding = 4; lastKnownFileType = sourcecode.c.objc; path = KLModalViewController.m; sourceTree = "<group>"; };
		7916EF4D17FB9AFA0011C4AF /* LICENSE */ = {isa = PBXFileReference; fileEncoding = 4; lastKnownFileType = text; path = LICENSE; sourceTree = "<group>"; };
		7916EF4E17FB9AFA0011C4AF /* README.md */ = {isa = PBXFileReference; fileEncoding = 4; lastKnownFileType = text; path = README.md; sourceTree = "<group>"; };
		79320486180EDC77004D41BD /* KLTransitionContextDecorator.h */ = {isa = PBXFileReference; fileEncoding = 4; lastKnownFileType = sourcecode.c.h; path = KLTransitionContextDecorator.h; sourceTree = "<group>"; };
		79320487180EDC77004D41BD /* KLTransitionContextDecorator.m */ = {isa = PBXFileReference; fileEncoding = 4; lastKnownFileType = sourcecode.c.objc; path = KLTransitionContextDecorator.m; sourceTree = "<group>"; };
		79320489180EDE33004D41BD /* KLTransitionEnums.h */ = {isa = PBXFileReference; fileEncoding = 4; lastKnownFileType = sourcecode.c.h; path = KLTransitionEnums.h; sourceTree = "<group>"; };
		7932048A181566F2004D41BD /* KLBlurredBackgroundTransition.h */ = {isa = PBXFileReference; fileEncoding = 4; lastKnownFileType = sourcecode.c.h; path = KLBlurredBackgroundTransition.h; sourceTree = "<group>"; };
		7932048B181566F2004D41BD /* KLBlurredBackgroundTransition.m */ = {isa = PBXFileReference; fileEncoding = 4; lastKnownFileType = sourcecode.c.objc; path = KLBlurredBackgroundTransition.m; sourceTree = "<group>"; };
		7932048D181567C6004D41BD /* KLBlurredBackgroundCoverTransitionTest.m */ = {isa = PBXFileReference; fileEncoding = 4; lastKnownFileType = sourcecode.c.objc; path = KLBlurredBackgroundCoverTransitionTest.m; sourceTree = "<group>"; };
		79A5A8A417F4647E00696B55 /* libKLViewControllerTransitions.a */ = {isa = PBXFileReference; explicitFileType = archive.ar; includeInIndex = 0; path = libKLViewControllerTransitions.a; sourceTree = BUILT_PRODUCTS_DIR; };
		79A5A8A717F4647E00696B55 /* Foundation.framework */ = {isa = PBXFileReference; lastKnownFileType = wrapper.framework; name = Foundation.framework; path = System/Library/Frameworks/Foundation.framework; sourceTree = SDKROOT; };
		79A5A8AB17F4647E00696B55 /* KLViewControllerTransitions-Prefix.pch */ = {isa = PBXFileReference; lastKnownFileType = sourcecode.c.h; path = "KLViewControllerTransitions-Prefix.pch"; sourceTree = "<group>"; };
		79A5A8AC17F4647E00696B55 /* KLBlurredBackgroundCoverTransition.h */ = {isa = PBXFileReference; lastKnownFileType = sourcecode.c.h; path = KLBlurredBackgroundCoverTransition.h; sourceTree = "<group>"; };
		79A5A8AE17F4647E00696B55 /* KLBlurredBackgroundCoverTransition.m */ = {isa = PBXFileReference; lastKnownFileType = sourcecode.c.objc; path = KLBlurredBackgroundCoverTransition.m; sourceTree = "<group>"; };
		79A5A8B417F4647E00696B55 /* KLViewControllerTransitionsTests.xctest */ = {isa = PBXFileReference; explicitFileType = wrapper.cfbundle; includeInIndex = 0; path = KLViewControllerTransitionsTests.xctest; sourceTree = BUILT_PRODUCTS_DIR; };
		79A5A8B517F4647E00696B55 /* XCTest.framework */ = {isa = PBXFileReference; lastKnownFileType = wrapper.framework; name = XCTest.framework; path = Library/Frameworks/XCTest.framework; sourceTree = DEVELOPER_DIR; };
		79A5A8B817F4647E00696B55 /* UIKit.framework */ = {isa = PBXFileReference; lastKnownFileType = wrapper.framework; name = UIKit.framework; path = Library/Frameworks/UIKit.framework; sourceTree = DEVELOPER_DIR; };
		79A5A8BF17F4647E00696B55 /* KLViewControllerTransitionsTests-Info.plist */ = {isa = PBXFileReference; lastKnownFileType = text.plist.xml; path = "KLViewControllerTransitionsTests-Info.plist"; sourceTree = "<group>"; };
		79A5A8C117F4647E00696B55 /* en */ = {isa = PBXFileReference; lastKnownFileType = text.plist.strings; name = en; path = en.lproj/InfoPlist.strings; sourceTree = "<group>"; };
		79A5A8D117F464B300696B55 /* KLViewControllerTransitionsDemo.app */ = {isa = PBXFileReference; explicitFileType = wrapper.application; includeInIndex = 0; path = KLViewControllerTransitionsDemo.app; sourceTree = BUILT_PRODUCTS_DIR; };
		79A5A8D317F464B400696B55 /* CoreGraphics.framework */ = {isa = PBXFileReference; lastKnownFileType = wrapper.framework; name = CoreGraphics.framework; path = System/Library/Frameworks/CoreGraphics.framework; sourceTree = SDKROOT; };
		79A5A8D817F464B400696B55 /* KLViewControllerTransitionsDemo-Info.plist */ = {isa = PBXFileReference; lastKnownFileType = text.plist.xml; path = "KLViewControllerTransitionsDemo-Info.plist"; sourceTree = "<group>"; };
		79A5A8DA17F464B400696B55 /* en */ = {isa = PBXFileReference; lastKnownFileType = text.plist.strings; name = en; path = en.lproj/InfoPlist.strings; sourceTree = "<group>"; };
		79A5A8DC17F464B400696B55 /* main.m */ = {isa = PBXFileReference; lastKnownFileType = sourcecode.c.objc; path = main.m; sourceTree = "<group>"; };
		79A5A8DE17F464B400696B55 /* KLViewControllerTransitionsDemo-Prefix.pch */ = {isa = PBXFileReference; lastKnownFileType = sourcecode.c.h; path = "KLViewControllerTransitionsDemo-Prefix.pch"; sourceTree = "<group>"; };
		79A5A8DF17F464B400696B55 /* KLAppDelegate.h */ = {isa = PBXFileReference; lastKnownFileType = sourcecode.c.h; path = KLAppDelegate.h; sourceTree = "<group>"; };
		79A5A8E017F464B400696B55 /* KLAppDelegate.m */ = {isa = PBXFileReference; lastKnownFileType = sourcecode.c.objc; path = KLAppDelegate.m; sourceTree = "<group>"; };
		79A5A8E317F464B400696B55 /* Base */ = {isa = PBXFileReference; lastKnownFileType = file.storyboard; name = Base; path = Base.lproj/Main.storyboard; sourceTree = "<group>"; };
		79A5A8E517F464B400696B55 /* KLMasterViewController.h */ = {isa = PBXFileReference; lastKnownFileType = sourcecode.c.h; path = KLMasterViewController.h; sourceTree = "<group>"; };
		79A5A8E617F464B400696B55 /* KLMasterViewController.m */ = {isa = PBXFileReference; lastKnownFileType = sourcecode.c.objc; path = KLMasterViewController.m; sourceTree = "<group>"; };
		79A5A8E817F464B400696B55 /* KLBlurDetailController.h */ = {isa = PBXFileReference; lastKnownFileType = sourcecode.c.h; path = KLBlurDetailController.h; sourceTree = "<group>"; };
		79A5A8E917F464B400696B55 /* KLBlurDetailController.m */ = {isa = PBXFileReference; lastKnownFileType = sourcecode.c.objc; path = KLBlurDetailController.m; sourceTree = "<group>"; };
		79A5A8EB17F464B400696B55 /* Images.xcassets */ = {isa = PBXFileReference; lastKnownFileType = folder.assetcatalog; path = Images.xcassets; sourceTree = "<group>"; };
		79A5A90517F512AF00696B55 /* UIImage+ImageEffects.h */ = {isa = PBXFileReference; fileEncoding = 4; lastKnownFileType = sourcecode.c.h; path = "UIImage+ImageEffects.h"; sourceTree = "<group>"; };
		79A5A90617F512AF00696B55 /* UIImage+ImageEffects.m */ = {isa = PBXFileReference; fileEncoding = 4; lastKnownFileType = sourcecode.c.objc; path = "UIImage+ImageEffects.m"; sourceTree = "<group>"; };
		79A6115D18292F5B007BAA10 /* KLTestTransitionContext.h */ = {isa = PBXFileReference; fileEncoding = 4; lastKnownFileType = sourcecode.c.h; path = KLTestTransitionContext.h; sourceTree = "<group>"; };
		79A6115E18292F5B007BAA10 /* KLTestTransitionContext.m */ = {isa = PBXFileReference; fileEncoding = 4; lastKnownFileType = sourcecode.c.objc; path = KLTestTransitionContext.m; sourceTree = "<group>"; };
		79A6116018293012007BAA10 /* Podfile */ = {isa = PBXFileReference; lastKnownFileType = text; path = Podfile; sourceTree = "<group>"; };
		79A61162182BD17D007BAA10 /* KLSpinFromCenterTransition.h */ = {isa = PBXFileReference; fileEncoding = 4; lastKnownFileType = sourcecode.c.h; path = KLSpinFromCenterTransition.h; sourceTree = "<group>"; };
		79A61163182BD17D007BAA10 /* KLSpinFromCenterTransition.m */ = {isa = PBXFileReference; fileEncoding = 4; lastKnownFileType = sourcecode.c.objc; path = KLSpinFromCenterTransition.m; sourceTree = "<group>"; };
		79F6112A17F5B45C00DDA76B /* UIView+UIImageEffects.h */ = {isa = PBXFileReference; fileEncoding = 4; lastKnownFileType = sourcecode.c.h; path = "UIView+UIImageEffects.h"; sourceTree = "<group>"; };
		79F6112B17F5B45C00DDA76B /* UIView+UIImageEffects.m */ = {isa = PBXFileReference; fileEncoding = 4; lastKnownFileType = sourcecode.c.objc; path = "UIView+UIImageEffects.m"; sourceTree = "<group>"; };
/* End PBXFileReference section */

/* Begin PBXFrameworksBuildPhase section */
		79A5A8A117F4647E00696B55 /* Frameworks */ = {
			isa = PBXFrameworksBuildPhase;
			buildActionMask = 2147483647;
			files = (
				79A5A8A817F4647E00696B55 /* Foundation.framework in Frameworks */,
			);
			runOnlyForDeploymentPostprocessing = 0;
		};
		79A5A8B117F4647E00696B55 /* Frameworks */ = {
			isa = PBXFrameworksBuildPhase;
			buildActionMask = 2147483647;
			files = (
				79A5A8B617F4647E00696B55 /* XCTest.framework in Frameworks */,
				79A5A8B917F4647E00696B55 /* UIKit.framework in Frameworks */,
				79A5A8B717F4647E00696B55 /* Foundation.framework in Frameworks */,
				79A5A8BC17F4647E00696B55 /* libKLViewControllerTransitions.a in Frameworks */,
			);
			runOnlyForDeploymentPostprocessing = 0;
		};
		79A5A8CE17F464B300696B55 /* Frameworks */ = {
			isa = PBXFrameworksBuildPhase;
			buildActionMask = 2147483647;
			files = (
				79F6113217F5BB2E00DDA76B /* libKLViewControllerTransitions.a in Frameworks */,
				79A5A8D417F464B400696B55 /* CoreGraphics.framework in Frameworks */,
				79A5A8D517F464B400696B55 /* UIKit.framework in Frameworks */,
				79A5A8D217F464B400696B55 /* Foundation.framework in Frameworks */,
			);
			runOnlyForDeploymentPostprocessing = 0;
		};
/* End PBXFrameworksBuildPhase section */

/* Begin PBXGroup section */
		7916EF4617FB94070011C4AF /* Categories */ = {
			isa = PBXGroup;
			children = (
				79A5A90517F512AF00696B55 /* UIImage+ImageEffects.h */,
				79A5A90617F512AF00696B55 /* UIImage+ImageEffects.m */,
				79F6112A17F5B45C00DDA76B /* UIView+UIImageEffects.h */,
				79F6112B17F5B45C00DDA76B /* UIView+UIImageEffects.m */,
			);
			name = Categories;
			sourceTree = "<group>";
		};
		7916EF4717FB94120011C4AF /* Blur */ = {
			isa = PBXGroup;
			children = (
				79A5A8AC17F4647E00696B55 /* KLBlurredBackgroundCoverTransition.h */,
				79A5A8AE17F4647E00696B55 /* KLBlurredBackgroundCoverTransition.m */,
				7932048A181566F2004D41BD /* KLBlurredBackgroundTransition.h */,
				7932048B181566F2004D41BD /* KLBlurredBackgroundTransition.m */,
			);
			name = Blur;
			sourceTree = "<group>";
		};
		79320484180EDC54004D41BD /* Decorators */ = {
			isa = PBXGroup;
			children = (
				79320486180EDC77004D41BD /* KLTransitionContextDecorator.h */,
				79320487180EDC77004D41BD /* KLTransitionContextDecorator.m */,
			);
			name = Decorators;
			sourceTree = "<group>";
		};
		79320485180EDC5D004D41BD /* Animators */ = {
			isa = PBXGroup;
			children = (
				79A61161182BD142007BAA10 /* Spin */,
				7916EF4717FB94120011C4AF /* Blur */,
			);
			name = Animators;
			sourceTree = "<group>";
		};
		79A5A89B17F4647E00696B55 = {
			isa = PBXGroup;
			children = (
				79A5A8A917F4647E00696B55 /* KLViewControllerTransitions */,
				79A5A8BD17F4647E00696B55 /* KLViewControllerTransitionsTests */,
				79A5A8D617F464B400696B55 /* KLViewControllerTransitionsDemo */,
				79A5A8A617F4647E00696B55 /* Frameworks */,
				79A5A8A517F4647E00696B55 /* Products */,
				7916EF4D17FB9AFA0011C4AF /* LICENSE */,
				7916EF4E17FB9AFA0011C4AF /* README.md */,
				79A6116018293012007BAA10 /* Podfile */,
			);
			sourceTree = "<group>";
		};
		79A5A8A517F4647E00696B55 /* Products */ = {
			isa = PBXGroup;
			children = (
				79A5A8A417F4647E00696B55 /* libKLViewControllerTransitions.a */,
				79A5A8B417F4647E00696B55 /* KLViewControllerTransitionsTests.xctest */,
				79A5A8D117F464B300696B55 /* KLViewControllerTransitionsDemo.app */,
			);
			name = Products;
			sourceTree = "<group>";
		};
		79A5A8A617F4647E00696B55 /* Frameworks */ = {
			isa = PBXGroup;
			children = (
				79A5A8A717F4647E00696B55 /* Foundation.framework */,
				79A5A8B517F4647E00696B55 /* XCTest.framework */,
				79A5A8B817F4647E00696B55 /* UIKit.framework */,
				79A5A8D317F464B400696B55 /* CoreGraphics.framework */,
			);
			name = Frameworks;
			sourceTree = "<group>";
		};
		79A5A8A917F4647E00696B55 /* KLViewControllerTransitions */ = {
			isa = PBXGroup;
			children = (
				79320489180EDE33004D41BD /* KLTransitionEnums.h */,
				79320485180EDC5D004D41BD /* Animators */,
				79320484180EDC54004D41BD /* Decorators */,
				7916EF4617FB94070011C4AF /* Categories */,
				79A5A8AA17F4647E00696B55 /* Supporting Files */,
			);
			path = KLViewControllerTransitions;
			sourceTree = "<group>";
		};
		79A5A8AA17F4647E00696B55 /* Supporting Files */ = {
			isa = PBXGroup;
			children = (
				79A5A8AB17F4647E00696B55 /* KLViewControllerTransitions-Prefix.pch */,
			);
			name = "Supporting Files";
			sourceTree = "<group>";
		};
		79A5A8BD17F4647E00696B55 /* KLViewControllerTransitionsTests */ = {
			isa = PBXGroup;
			children = (
				79A5A8BE17F4647E00696B55 /* Supporting Files */,
				7932048D181567C6004D41BD /* KLBlurredBackgroundCoverTransitionTest.m */,
				79A6115D18292F5B007BAA10 /* KLTestTransitionContext.h */,
				79A6115E18292F5B007BAA10 /* KLTestTransitionContext.m */,
			);
			path = KLViewControllerTransitionsTests;
			sourceTree = "<group>";
		};
		79A5A8BE17F4647E00696B55 /* Supporting Files */ = {
			isa = PBXGroup;
			children = (
				79A5A8BF17F4647E00696B55 /* KLViewControllerTransitionsTests-Info.plist */,
				79A5A8C017F4647E00696B55 /* InfoPlist.strings */,
			);
			name = "Supporting Files";
			sourceTree = "<group>";
		};
		79A5A8D617F464B400696B55 /* KLViewControllerTransitionsDemo */ = {
			isa = PBXGroup;
			children = (
				79A5A8DF17F464B400696B55 /* KLAppDelegate.h */,
				79A5A8E017F464B400696B55 /* KLAppDelegate.m */,
				79A5A8E217F464B400696B55 /* Main.storyboard */,
				79A5A8E517F464B400696B55 /* KLMasterViewController.h */,
				79A5A8E617F464B400696B55 /* KLMasterViewController.m */,
				79A5A8E817F464B400696B55 /* KLBlurDetailController.h */,
				79A5A8E917F464B400696B55 /* KLBlurDetailController.m */,
				7916EF4917FB95680011C4AF /* KLModalViewController.h */,
				7916EF4A17FB95680011C4AF /* KLModalViewController.m */,
				79A5A8EB17F464B400696B55 /* Images.xcassets */,
				79A5A8D717F464B400696B55 /* Supporting Files */,
			);
			path = KLViewControllerTransitionsDemo;
			sourceTree = "<group>";
		};
		79A5A8D717F464B400696B55 /* Supporting Files */ = {
			isa = PBXGroup;
			children = (
				7916EF4117FB182E0011C4AF /* background.jpg */,
				79A5A8D817F464B400696B55 /* KLViewControllerTransitionsDemo-Info.plist */,
				79A5A8D917F464B400696B55 /* InfoPlist.strings */,
				79A5A8DC17F464B400696B55 /* main.m */,
				79A5A8DE17F464B400696B55 /* KLViewControllerTransitionsDemo-Prefix.pch */,
			);
			name = "Supporting Files";
			sourceTree = "<group>";
		};
		79A61161182BD142007BAA10 /* Spin */ = {
			isa = PBXGroup;
			children = (
				79A61162182BD17D007BAA10 /* KLSpinFromCenterTransition.h */,
				79A61163182BD17D007BAA10 /* KLSpinFromCenterTransition.m */,
			);
			name = Spin;
			sourceTree = "<group>";
		};
/* End PBXGroup section */

/* Begin PBXNativeTarget section */
		79A5A8A317F4647E00696B55 /* KLViewControllerTransitions */ = {
			isa = PBXNativeTarget;
			buildConfigurationList = 79A5A8C717F4647E00696B55 /* Build configuration list for PBXNativeTarget "KLViewControllerTransitions" */;
			buildPhases = (
				79A5A8A017F4647E00696B55 /* Sources */,
				79A5A8A117F4647E00696B55 /* Frameworks */,
				79A5A8A217F4647E00696B55 /* CopyFiles */,
			);
			buildRules = (
			);
			dependencies = (
			);
			name = KLViewControllerTransitions;
			productName = KLModalTransitions;
			productReference = 79A5A8A417F4647E00696B55 /* libKLViewControllerTransitions.a */;
			productType = "com.apple.product-type.library.static";
		};
		79A5A8B317F4647E00696B55 /* KLViewControllerTransitionsTests */ = {
			isa = PBXNativeTarget;
			buildConfigurationList = 79A5A8CA17F4647E00696B55 /* Build configuration list for PBXNativeTarget "KLViewControllerTransitionsTests" */;
			buildPhases = (
				79A5A8B017F4647E00696B55 /* Sources */,
				79A5A8B117F4647E00696B55 /* Frameworks */,
				79A5A8B217F4647E00696B55 /* Resources */,
			);
			buildRules = (
			);
			dependencies = (
				79A5A8BB17F4647E00696B55 /* PBXTargetDependency */,
			);
			name = KLViewControllerTransitionsTests;
			productName = KLModalTransitionsTests;
			productReference = 79A5A8B417F4647E00696B55 /* KLViewControllerTransitionsTests.xctest */;
			productType = "com.apple.product-type.bundle.unit-test";
		};
		79A5A8D017F464B300696B55 /* KLViewControllerTransitionsDemo */ = {
			isa = PBXNativeTarget;
			buildConfigurationList = 79A5A8FF17F464B400696B55 /* Build configuration list for PBXNativeTarget "KLViewControllerTransitionsDemo" */;
			buildPhases = (
				79A5A8CD17F464B300696B55 /* Sources */,
				79A5A8CE17F464B300696B55 /* Frameworks */,
				79A5A8CF17F464B300696B55 /* Resources */,
			);
			buildRules = (
			);
			dependencies = (
				79F6113117F5BB2700DDA76B /* PBXTargetDependency */,
			);
			name = KLViewControllerTransitionsDemo;
			productName = KLModalTransitionsDemo;
			productReference = 79A5A8D117F464B300696B55 /* KLViewControllerTransitionsDemo.app */;
			productType = "com.apple.product-type.application";
		};
/* End PBXNativeTarget section */

/* Begin PBXProject section */
		79A5A89C17F4647E00696B55 /* Project object */ = {
			isa = PBXProject;
			attributes = {
				LastUpgradeCheck = 0500;
				ORGANIZATIONNAME = Lundbergsoft;
				TargetAttributes = {
					79A5A8B317F4647E00696B55 = {
						TestTargetID = 79A5A8A317F4647E00696B55;
					};
				};
			};
			buildConfigurationList = 79A5A89F17F4647E00696B55 /* Build configuration list for PBXProject "KLViewControllerTransitions" */;
			compatibilityVersion = "Xcode 3.2";
			developmentRegion = English;
			hasScannedForEncodings = 0;
			knownRegions = (
				en,
				Base,
			);
			mainGroup = 79A5A89B17F4647E00696B55;
			productRefGroup = 79A5A8A517F4647E00696B55 /* Products */;
			projectDirPath = "";
			projectRoot = "";
			targets = (
				79A5A8A317F4647E00696B55 /* KLViewControllerTransitions */,
				79A5A8B317F4647E00696B55 /* KLViewControllerTransitionsTests */,
				79A5A8D017F464B300696B55 /* KLViewControllerTransitionsDemo */,
			);
		};
/* End PBXProject section */

/* Begin PBXResourcesBuildPhase section */
		79A5A8B217F4647E00696B55 /* Resources */ = {
			isa = PBXResourcesBuildPhase;
			buildActionMask = 2147483647;
			files = (
				79A5A8C217F4647E00696B55 /* InfoPlist.strings in Resources */,
			);
			runOnlyForDeploymentPostprocessing = 0;
		};
		79A5A8CF17F464B300696B55 /* Resources */ = {
			isa = PBXResourcesBuildPhase;
			buildActionMask = 2147483647;
			files = (
				7916EF5017FB9AFA0011C4AF /* README.md in Resources */,
				79A5A8EC17F464B400696B55 /* Images.xcassets in Resources */,
				7916EF4C17FB98290011C4AF /* background.jpg in Resources */,
				79A5A8DB17F464B400696B55 /* InfoPlist.strings in Resources */,
				79A5A8E417F464B400696B55 /* Main.storyboard in Resources */,
				7916EF4F17FB9AFA0011C4AF /* LICENSE in Resources */,
			);
			runOnlyForDeploymentPostprocessing = 0;
		};
/* End PBXResourcesBuildPhase section */

/* Begin PBXSourcesBuildPhase section */
		79A5A8A017F4647E00696B55 /* Sources */ = {
			isa = PBXSourcesBuildPhase;
			buildActionMask = 2147483647;
			files = (
				79A5A90717F512AF00696B55 /* UIImage+ImageEffects.m in Sources */,
				79A5A8AF17F4647E00696B55 /* KLBlurredBackgroundCoverTransition.m in Sources */,
				79F6112C17F5B45C00DDA76B /* UIView+UIImageEffects.m in Sources */,
				7932048C181566F2004D41BD /* KLBlurredBackgroundTransition.m in Sources */,
				79A61164182BD17D007BAA10 /* KLSpinFromCenterTransition.m in Sources */,
				79320488180EDC77004D41BD /* KLTransitionContextDecorator.m in Sources */,
			);
			runOnlyForDeploymentPostprocessing = 0;
		};
		79A5A8B017F4647E00696B55 /* Sources */ = {
			isa = PBXSourcesBuildPhase;
			buildActionMask = 2147483647;
			files = (
				7932048E181567C6004D41BD /* KLBlurredBackgroundCoverTransitionTest.m in Sources */,
				79A6115F18292F5B007BAA10 /* KLTestTransitionContext.m in Sources */,
			);
			runOnlyForDeploymentPostprocessing = 0;
		};
		79A5A8CD17F464B300696B55 /* Sources */ = {
			isa = PBXSourcesBuildPhase;
			buildActionMask = 2147483647;
			files = (
				7916EF4B17FB95680011C4AF /* KLModalViewController.m in Sources */,
				79A5A8EA17F464B400696B55 /* KLBlurDetailController.m in Sources */,
				79A5A8DD17F464B400696B55 /* main.m in Sources */,
				79A5A8E117F464B400696B55 /* KLAppDelegate.m in Sources */,
				79A5A8E717F464B400696B55 /* KLMasterViewController.m in Sources */,
			);
			runOnlyForDeploymentPostprocessing = 0;
		};
/* End PBXSourcesBuildPhase section */

/* Begin PBXTargetDependency section */
		79A5A8BB17F4647E00696B55 /* PBXTargetDependency */ = {
			isa = PBXTargetDependency;
			target = 79A5A8A317F4647E00696B55 /* KLViewControllerTransitions */;
			targetProxy = 79A5A8BA17F4647E00696B55 /* PBXContainerItemProxy */;
		};
		79F6113117F5BB2700DDA76B /* PBXTargetDependency */ = {
			isa = PBXTargetDependency;
			target = 79A5A8A317F4647E00696B55 /* KLViewControllerTransitions */;
			targetProxy = 79F6113017F5BB2700DDA76B /* PBXContainerItemProxy */;
		};
/* End PBXTargetDependency section */

/* Begin PBXVariantGroup section */
		79A5A8C017F4647E00696B55 /* InfoPlist.strings */ = {
			isa = PBXVariantGroup;
			children = (
				79A5A8C117F4647E00696B55 /* en */,
			);
			name = InfoPlist.strings;
			sourceTree = "<group>";
		};
		79A5A8D917F464B400696B55 /* InfoPlist.strings */ = {
			isa = PBXVariantGroup;
			children = (
				79A5A8DA17F464B400696B55 /* en */,
			);
			name = InfoPlist.strings;
			sourceTree = "<group>";
		};
		79A5A8E217F464B400696B55 /* Main.storyboard */ = {
			isa = PBXVariantGroup;
			children = (
				79A5A8E317F464B400696B55 /* Base */,
			);
			name = Main.storyboard;
			sourceTree = "<group>";
		};
/* End PBXVariantGroup section */

/* Begin XCBuildConfiguration section */
		79A5A8C517F4647E00696B55 /* Debug */ = {
			isa = XCBuildConfiguration;
			buildSettings = {
				ALWAYS_SEARCH_USER_PATHS = NO;
				ARCHS = "$(ARCHS_STANDARD_INCLUDING_64_BIT)";
				CLANG_CXX_LANGUAGE_STANDARD = "gnu++0x";
				CLANG_CXX_LIBRARY = "libc++";
				CLANG_ENABLE_MODULES = YES;
				CLANG_ENABLE_OBJC_ARC = YES;
				CLANG_WARN_BOOL_CONVERSION = YES;
				CLANG_WARN_CONSTANT_CONVERSION = YES;
				CLANG_WARN_DIRECT_OBJC_ISA_USAGE = YES_ERROR;
				CLANG_WARN_EMPTY_BODY = YES;
				CLANG_WARN_ENUM_CONVERSION = YES;
				CLANG_WARN_INT_CONVERSION = YES;
				CLANG_WARN_OBJC_ROOT_CLASS = YES_ERROR;
				CLANG_WARN__DUPLICATE_METHOD_MATCH = YES;
				COPY_PHASE_STRIP = NO;
				GCC_C_LANGUAGE_STANDARD = gnu99;
				GCC_DYNAMIC_NO_PIC = NO;
				GCC_OPTIMIZATION_LEVEL = 0;
				GCC_PREPROCESSOR_DEFINITIONS = (
					"DEBUG=1",
					"$(inherited)",
				);
				GCC_SYMBOLS_PRIVATE_EXTERN = NO;
				GCC_WARN_64_TO_32_BIT_CONVERSION = YES;
				GCC_WARN_ABOUT_RETURN_TYPE = YES_ERROR;
				GCC_WARN_UNDECLARED_SELECTOR = YES;
				GCC_WARN_UNINITIALIZED_AUTOS = YES;
				GCC_WARN_UNUSED_FUNCTION = YES;
				GCC_WARN_UNUSED_VARIABLE = YES;
				IPHONEOS_DEPLOYMENT_TARGET = 7.0;
				ONLY_ACTIVE_ARCH = YES;
				SDKROOT = iphoneos;
			};
			name = Debug;
		};
		79A5A8C617F4647E00696B55 /* Release */ = {
			isa = XCBuildConfiguration;
			buildSettings = {
				ALWAYS_SEARCH_USER_PATHS = NO;
				ARCHS = "$(ARCHS_STANDARD_INCLUDING_64_BIT)";
				CLANG_CXX_LANGUAGE_STANDARD = "gnu++0x";
				CLANG_CXX_LIBRARY = "libc++";
				CLANG_ENABLE_MODULES = YES;
				CLANG_ENABLE_OBJC_ARC = YES;
				CLANG_WARN_BOOL_CONVERSION = YES;
				CLANG_WARN_CONSTANT_CONVERSION = YES;
				CLANG_WARN_DIRECT_OBJC_ISA_USAGE = YES_ERROR;
				CLANG_WARN_EMPTY_BODY = YES;
				CLANG_WARN_ENUM_CONVERSION = YES;
				CLANG_WARN_INT_CONVERSION = YES;
				CLANG_WARN_OBJC_ROOT_CLASS = YES_ERROR;
				CLANG_WARN__DUPLICATE_METHOD_MATCH = YES;
				COPY_PHASE_STRIP = YES;
				ENABLE_NS_ASSERTIONS = NO;
				GCC_C_LANGUAGE_STANDARD = gnu99;
				GCC_WARN_64_TO_32_BIT_CONVERSION = YES;
				GCC_WARN_ABOUT_RETURN_TYPE = YES_ERROR;
				GCC_WARN_UNDECLARED_SELECTOR = YES;
				GCC_WARN_UNINITIALIZED_AUTOS = YES;
				GCC_WARN_UNUSED_FUNCTION = YES;
				GCC_WARN_UNUSED_VARIABLE = YES;
				IPHONEOS_DEPLOYMENT_TARGET = 7.0;
				SDKROOT = iphoneos;
				VALIDATE_PRODUCT = YES;
			};
			name = Release;
		};
		79A5A8C817F4647E00696B55 /* Debug */ = {
			isa = XCBuildConfiguration;
			buildSettings = {
				DSTROOT = /tmp/KLViewControllerTransitions.dst;
				GCC_PRECOMPILE_PREFIX_HEADER = YES;
				GCC_PREFIX_HEADER = "KLViewControllerTransitions/KLViewControllerTransitions-Prefix.pch";
				OTHER_LDFLAGS = "-ObjC";
				PRODUCT_NAME = KLViewControllerTransitions;
				SKIP_INSTALL = YES;
			};
			name = Debug;
		};
		79A5A8C917F4647E00696B55 /* Release */ = {
			isa = XCBuildConfiguration;
			buildSettings = {
				DSTROOT = /tmp/KLViewControllerTransitions.dst;
				GCC_PRECOMPILE_PREFIX_HEADER = YES;
				GCC_PREFIX_HEADER = "KLViewControllerTransitions/KLViewControllerTransitions-Prefix.pch";
				OTHER_LDFLAGS = "-ObjC";
				PRODUCT_NAME = KLViewControllerTransitions;
				SKIP_INSTALL = YES;
			};
			name = Release;
		};
		79A5A8CB17F4647E00696B55 /* Debug */ = {
			isa = XCBuildConfiguration;
			buildSettings = {
				FRAMEWORK_SEARCH_PATHS = (
					"$(SDKROOT)/Developer/Library/Frameworks",
					"$(inherited)",
					"$(DEVELOPER_FRAMEWORKS_DIR)",
				);
				GCC_PRECOMPILE_PREFIX_HEADER = YES;
				GCC_PREFIX_HEADER = "KLViewControllerTransitions/KLViewControllerTransitions-Prefix.pch";
				GCC_PREPROCESSOR_DEFINITIONS = (
					"DEBUG=1",
					"$(inherited)",
				);
				INFOPLIST_FILE = "KLViewControllerTransitionsTests/KLViewControllerTransitionsTests-Info.plist";
				PRODUCT_NAME = KLViewControllerTransitionsTests;
				WRAPPER_EXTENSION = xctest;
			};
			name = Debug;
		};
		79A5A8CC17F4647E00696B55 /* Release */ = {
			isa = XCBuildConfiguration;
			buildSettings = {
				FRAMEWORK_SEARCH_PATHS = (
					"$(SDKROOT)/Developer/Library/Frameworks",
					"$(inherited)",
					"$(DEVELOPER_FRAMEWORKS_DIR)",
				);
				GCC_PRECOMPILE_PREFIX_HEADER = YES;
				GCC_PREFIX_HEADER = "KLViewControllerTransitions/KLViewControllerTransitions-Prefix.pch";
				INFOPLIST_FILE = "KLViewControllerTransitionsTests/KLViewControllerTransitionsTests-Info.plist";
				PRODUCT_NAME = KLViewControllerTransitionsTests;
				WRAPPER_EXTENSION = xctest;
			};
			name = Release;
		};
		79A5A90017F464B400696B55 /* Debug */ = {
			isa = XCBuildConfiguration;
			buildSettings = {
				ASSETCATALOG_COMPILER_APPICON_NAME = AppIcon;
				ASSETCATALOG_COMPILER_LAUNCHIMAGE_NAME = LaunchImage;
				"CODE_SIGN_IDENTITY[sdk=iphoneos*]" = "iPhone Developer";
				FRAMEWORK_SEARCH_PATHS = (
					"$(inherited)",
					"$(DEVELOPER_FRAMEWORKS_DIR)",
				);
				GCC_PRECOMPILE_PREFIX_HEADER = YES;
				GCC_PREFIX_HEADER = "KLViewControllerTransitionsDemo/KLViewControllerTransitionsDemo-Prefix.pch";
				GCC_PREPROCESSOR_DEFINITIONS = (
					"DEBUG=1",
					"$(inherited)",
				);
				INFOPLIST_FILE = "KLViewControllerTransitionsDemo/KLViewControllerTransitionsDemo-Info.plist";
				OTHER_LDFLAGS = (
					"-ObjC",
					"-all_load",
				);
				PRODUCT_NAME = KLViewControllerTransitionsDemo;
				WRAPPER_EXTENSION = app;
			};
			name = Debug;
		};
		79A5A90117F464B400696B55 /* Release */ = {
			isa = XCBuildConfiguration;
			buildSettings = {
				ASSETCATALOG_COMPILER_APPICON_NAME = AppIcon;
				ASSETCATALOG_COMPILER_LAUNCHIMAGE_NAME = LaunchImage;
				"CODE_SIGN_IDENTITY[sdk=iphoneos*]" = "iPhone Developer";
				FRAMEWORK_SEARCH_PATHS = (
					"$(inherited)",
					"$(DEVELOPER_FRAMEWORKS_DIR)",
				);
				GCC_PRECOMPILE_PREFIX_HEADER = YES;
				GCC_PREFIX_HEADER = "KLViewControllerTransitionsDemo/KLViewControllerTransitionsDemo-Prefix.pch";
				INFOPLIST_FILE = "KLViewControllerTransitionsDemo/KLViewControllerTransitionsDemo-Info.plist";
				OTHER_LDFLAGS = (
					"-ObjC",
					"-all_load",
				);
				PRODUCT_NAME = KLViewControllerTransitionsDemo;
				WRAPPER_EXTENSION = app;
			};
			name = Release;
		};
/* End XCBuildConfiguration section */

/* Begin XCConfigurationList section */
		79A5A89F17F4647E00696B55 /* Build configuration list for PBXProject "KLViewControllerTransitions" */ = {
			isa = XCConfigurationList;
			buildConfigurations = (
				79A5A8C517F4647E00696B55 /* Debug */,
				79A5A8C617F4647E00696B55 /* Release */,
			);
			defaultConfigurationIsVisible = 0;
			defaultConfigurationName = Release;
		};
		79A5A8C717F4647E00696B55 /* Build configuration list for PBXNativeTarget "KLViewControllerTransitions" */ = {
			isa = XCConfigurationList;
			buildConfigurations = (
				79A5A8C817F4647E00696B55 /* Debug */,
				79A5A8C917F4647E00696B55 /* Release */,
			);
			defaultConfigurationIsVisible = 0;
			defaultConfigurationName = Release;
		};
		79A5A8CA17F4647E00696B55 /* Build configuration list for PBXNativeTarget "KLViewControllerTransitionsTests" */ = {
			isa = XCConfigurationList;
			buildConfigurations = (
				79A5A8CB17F4647E00696B55 /* Debug */,
				79A5A8CC17F4647E00696B55 /* Release */,
			);
			defaultConfigurationIsVisible = 0;
			defaultConfigurationName = Release;
		};
		79A5A8FF17F464B400696B55 /* Build configuration list for PBXNativeTarget "KLViewControllerTransitionsDemo" */ = {
			isa = XCConfigurationList;
			buildConfigurations = (
				79A5A90017F464B400696B55 /* Debug */,
				79A5A90117F464B400696B55 /* Release */,
			);
			defaultConfigurationIsVisible = 0;
			defaultConfigurationName = Release;
		};
/* End XCConfigurationList section */
	};
	rootObject = 79A5A89C17F4647E00696B55 /* Project object */;
}
